PODS:
  - Alamofire (4.9.1)
  - AlamofireImage (3.6.0):
    - Alamofire (~> 4.9)
  - FLAnimatedImage (1.0.17)
  - NYTPhotoViewer (1.1.0):
    - NYTPhotoViewer/AnimatedGifSupport (= 1.1.0)
    - NYTPhotoViewer/Core (= 1.1.0)
  - NYTPhotoViewer/AnimatedGifSupport (1.1.0):
    - FLAnimatedImage (~> 1.0.8)
    - NYTPhotoViewer/Core
  - NYTPhotoViewer/Core (1.1.0)
  - RSKImageCropper (4.0.0)
  - SendBirdSDK (3.1.47)

DEPENDENCIES:
  - AlamofireImage (~> 3.4)
  - FLAnimatedImage (~> 1.0)
  - NYTPhotoViewer (~> 1.1.0)
  - RSKImageCropper
  - SendBirdSDK (~> 3.1.44)

SPEC REPOS:
  trunk:
    - Alamofire
    - AlamofireImage
    - FLAnimatedImage
    - NYTPhotoViewer
    - RSKImageCropper
    - SendBirdSDK

SPEC CHECKSUMS:
  Alamofire: 85e8a02c69d6020a0d734f6054870d7ecb75cf18
  AlamofireImage: be9963c6582d68b39e89191f64c82a7d7bf40fdd
  FLAnimatedImage: bbf914596368867157cc71b38a8ec834b3eeb32b
  NYTPhotoViewer: e80e8767f3780d2df37c6f72cbab15d6c7232911
  RSKImageCropper: 90dfe482402fb8a40cabd5fea65186d9102cc425
  SendBirdSDK: 9f90bf0652b2b3ada11cda2e160c6eb511aea7f7

PODFILE CHECKSUM: 1c9f1aa45643dca3a6aea4806f235a3b80300125

COCOAPODS: 1.12.0
