PODS:
  - Alamofire (4.9.1)
  - AlamofireImage (3.6.0):
    - Alamofire (~> 4.9)
  - FLAnimatedImage (1.0.12)
  - NYTPhotoViewer (1.1.0):
    - NYTPhotoViewer/AnimatedGifSupport (= 1.1.0)
    - NYTPhotoViewer/Core (= 1.1.0)
  - NYTPhotoViewer/AnimatedGifSupport (1.1.0):
    - FLAnimatedImage (~> 1.0.8)
    - NYTPhotoViewer/Core
  - NYTPhotoViewer/Core (1.1.0)
  - RSKImageCropper (3.0.0)
  - SendBirdSDK (3.0.206)

DEPENDENCIES:
  - AlamofireImage (~> 3.4)
  - FLAnimatedImage (~> 1.0)
  - NYTPhotoViewer (~> 1.1.0)
  - RSKImageCropper
  - SendBirdSDK

SPEC REPOS:
  trunk:
    - Alamofire
    - AlamofireImage
    - FLAnimatedImage
    - NYTPhotoViewer
    - RSKImageCropper
    - SendBirdSDK

SPEC CHECKSUMS:
  Alamofire: 85e8a02c69d6020a0d734f6054870d7ecb75cf18
  AlamofireImage: be9963c6582d68b39e89191f64c82a7d7bf40fdd
  FLAnimatedImage: 4a0b56255d9b05f18b6dd7ee06871be5d3b89e31
  NYTPhotoViewer: e80e8767f3780d2df37c6f72cbab15d6c7232911
  RSKImageCropper: 81f449b4df96bdaf28e1ad6dcce28dcda2235458
  SendBirdSDK: cb19750b6395544a226ccedb38532d9d5a4794a7

PODFILE CHECKSUM: 6a679bf19b9bf144b5894688e7a6717a02b423f2

COCOAPODS: 1.9.3
